
Microsoft Visual Studio Solution File, Format Version 12.00
# Visual Studio Version 16
VisualStudioVersion = 16.0.31702.278
MinimumVisualStudioVersion = 10.0.40219.1
Project("{FAE04EC0-301F-11D3-BF4B-00C04F79EFBC}") = "ConsoleApp_EntityFramework_CF", "ConsoleApp_EntityFramework_CF.csproj", "{7D88A721-027A-4FD7-BB91-3DD0794C9171}"
EndProject
Global
	GlobalSection(SolutionConfigurationPlatforms) = preSolution
		Debug|Any CPU = Debug|Any CPU
		Release|Any CPU = Release|Any CPU
	EndGlobalSection
	GlobalSection(ProjectConfigurationPlatforms) = postSolution
		{7D88A721-027A-4FD7-BB91-3DD0794C9171}.Debug|Any CPU.ActiveCfg = Debug|Any CPU
		{7D88A721-027A-4FD7-BB91-3DD0794C9171}.Debug|Any CPU.Build.0 = Debug|Any CPU
		{7D88A721-027A-4FD7-BB91-3DD0794C9171}.Release|Any CPU.ActiveCfg = Release|Any CPU
		{7D88A721-027A-4FD7-BB91-3DD0794C9171}.Release|Any CPU.Build.0 = Release|Any CPU
	EndGlobalSection
	GlobalSection(SolutionProperties) = preSolution
		HideSolutionNode = FALSE
	EndGlobalSection
	GlobalSection(ExtensibilityGlobals) = postSolution
		SolutionGuid = {C4A17166-EF48-49BD-B66A-7C1FCD25EDC5}
	EndGlobalSection
EndGlobal
